
Microsoft Visual Studio Solution File, Format Version 12.00
# Visual Studio 14
VisualStudioVersion = 14.0.23107.0
MinimumVisualStudioVersion = 10.0.40219.1
Project("{FAE04EC0-301F-11D3-BF4B-00C04F79EFBC}") = "Microsoft.Dynamics.Nav.UserSession", "Microsoft.Dynamics.Nav.UserSession\Microsoft.Dynamics.Nav.UserSession.csproj", "{FB75EE9A-A002-49CA-8891-C7C58C62EFB7}"
EndProject
Project("{FAE04EC0-301F-11D3-BF4B-00C04F79EFBC}") = "Microsoft.Dynamics.Nav.LoadTest", "Microsoft.Dynamics.Nav.LoadTest\Microsoft.Dynamics.Nav.LoadTest.csproj", "{4C7EC83F-B6B0-4C88-A7D0-EDBCDED006DC}"
EndProject
Project("{2150E333-8FDC-42A3-9474-1A3956D46DE8}") = "Solution Items", "Solution Items", "{EF878578-4CAD-46F0-B859-5C012167EBA7}"
	ProjectSection(SolutionItems) = preProject
		PSScripts\DeleteNAVUserPersonalization.sql = PSScripts\DeleteNAVUserPersonalization.sql
		LocalLoadTest.testsettings = LocalLoadTest.testsettings
		Binaries\Microsoft.Dynamics.Framework.UI.Client.dll = Binaries\Microsoft.Dynamics.Framework.UI.Client.dll
		PSScripts\RemoveUsers.ps1 = PSScripts\RemoveUsers.ps1
	EndProjectSection
EndProject
Project("{FAE04EC0-301F-11D3-BF4B-00C04F79EFBC}") = "Microsoft.Dynamics.Nav.TestUtilities", "Microsoft.Dynamics.Nav.TestUtilities\Microsoft.Dynamics.Nav.TestUtilities.csproj", "{2FC6BDA7-943C-4734-9D8E-427653C9A86D}"
EndProject
Project("{2150E333-8FDC-42A3-9474-1A3956D46DE8}") = "Scripts", "Scripts", "{5226F406-1917-4265-8598-DF1DDD20D157}"
	ProjectSection(SolutionItems) = preProject
		PSScripts\CreateUsers.ps1 = PSScripts\CreateUsers.ps1
	EndProjectSection
EndProject
Project("{2150E333-8FDC-42A3-9474-1A3956D46DE8}") = "Multitenant", "Multitenant", "{C5452BC5-6455-4B36-A325-4E82B800062B}"
	ProjectSection(SolutionItems) = preProject
		PSScripts\Multitenant\CreateCompanies.ps1 = PSScripts\Multitenant\CreateCompanies.ps1
		PSScripts\Multitenant\CreateDefaultTenant.ps1 = PSScripts\Multitenant\CreateDefaultTenant.ps1
		PSScripts\Multitenant\CreateTenantUsers.ps1 = PSScripts\Multitenant\CreateTenantUsers.ps1
		PSScripts\Multitenant\MoveCompaniesToTenants.ps1 = PSScripts\Multitenant\MoveCompaniesToTenants.ps1
		PSScripts\Multitenant\ShowTenants.ps1 = PSScripts\Multitenant\ShowTenants.ps1
		PSScripts\Multitenant\ShowTenantUsers.ps1 = PSScripts\Multitenant\ShowTenantUsers.ps1
	EndProjectSection
EndProject
Global
	GlobalSection(SolutionConfigurationPlatforms) = preSolution
		Debug|Any CPU = Debug|Any CPU
		Release|Any CPU = Release|Any CPU
	EndGlobalSection
	GlobalSection(ProjectConfigurationPlatforms) = postSolution
		{FB75EE9A-A002-49CA-8891-C7C58C62EFB7}.Debug|Any CPU.ActiveCfg = Debug|Any CPU
		{FB75EE9A-A002-49CA-8891-C7C58C62EFB7}.Debug|Any CPU.Build.0 = Debug|Any CPU
		{FB75EE9A-A002-49CA-8891-C7C58C62EFB7}.Release|Any CPU.ActiveCfg = Release|Any CPU
		{FB75EE9A-A002-49CA-8891-C7C58C62EFB7}.Release|Any CPU.Build.0 = Release|Any CPU
		{4C7EC83F-B6B0-4C88-A7D0-EDBCDED006DC}.Debug|Any CPU.ActiveCfg = Debug|Any CPU
		{4C7EC83F-B6B0-4C88-A7D0-EDBCDED006DC}.Debug|Any CPU.Build.0 = Debug|Any CPU
		{4C7EC83F-B6B0-4C88-A7D0-EDBCDED006DC}.Release|Any CPU.ActiveCfg = Release|Any CPU
		{4C7EC83F-B6B0-4C88-A7D0-EDBCDED006DC}.Release|Any CPU.Build.0 = Release|Any CPU
		{2FC6BDA7-943C-4734-9D8E-427653C9A86D}.Debug|Any CPU.ActiveCfg = Debug|Any CPU
		{2FC6BDA7-943C-4734-9D8E-427653C9A86D}.Debug|Any CPU.Build.0 = Debug|Any CPU
		{2FC6BDA7-943C-4734-9D8E-427653C9A86D}.Release|Any CPU.ActiveCfg = Release|Any CPU
		{2FC6BDA7-943C-4734-9D8E-427653C9A86D}.Release|Any CPU.Build.0 = Release|Any CPU
	EndGlobalSection
	GlobalSection(SolutionProperties) = preSolution
		HideSolutionNode = FALSE
	EndGlobalSection
	GlobalSection(NestedProjects) = preSolution
		{C5452BC5-6455-4B36-A325-4E82B800062B} = {5226F406-1917-4265-8598-DF1DDD20D157}
	EndGlobalSection
EndGlobal
